
Microsoft Visual Studio Solution File, Format Version 12.00
# Visual Studio Version 16
VisualStudioVersion = 16.0.34031.81
MinimumVisualStudioVersion = 10.0.40219.1
Project("{FAE04EC0-301F-11D3-BF4B-00C04F79EFBC}") = "KademliaRigottiSorrentino", "KademliaRigottiSorrentino\KademliaRigottiSorrentino.csproj", "{7AC06C76-716B-4E9F-9606-2938E4CD4B4A}"
EndProject
Global
	GlobalSection(SolutionConfigurationPlatforms) = preSolution
		Debug|Any CPU = Debug|Any CPU
		Release|Any CPU = Release|Any CPU
	EndGlobalSection
	GlobalSection(ProjectConfigurationPlatforms) = postSolution
		{7AC06C76-716B-4E9F-9606-2938E4CD4B4A}.Debug|Any CPU.ActiveCfg = Debug|Any CPU
		{7AC06C76-716B-4E9F-9606-2938E4CD4B4A}.Debug|Any CPU.Build.0 = Debug|Any CPU
		{7AC06C76-716B-4E9F-9606-2938E4CD4B4A}.Release|Any CPU.ActiveCfg = Release|Any CPU
		{7AC06C76-716B-4E9F-9606-2938E4CD4B4A}.Release|Any CPU.Build.0 = Release|Any CPU
	EndGlobalSection
	GlobalSection(SolutionProperties) = preSolution
		HideSolutionNode = FALSE
	EndGlobalSection
	GlobalSection(ExtensibilityGlobals) = postSolution
		SolutionGuid = {09769ECD-C1F2-4D2C-9058-51474CB35CEF}
	EndGlobalSection
EndGlobal
